
Microsoft Visual Studio Solution File, Format Version 12.00
Project("{FAE04EC0-301F-11D3-BF4B-00C04F79EFBC}") = "DatabaseTest", "DatabaseTest\DatabaseTest.csproj", "{086326E4-142B-4E9D-BAE9-EA14A0DC84E7}"
EndProject
Global
	GlobalSection(SolutionConfigurationPlatforms) = preSolution
		Debug|Any CPU = Debug|Any CPU
		Release|Any CPU = Release|Any CPU
	EndGlobalSection
	GlobalSection(ProjectConfigurationPlatforms) = postSolution
		{086326E4-142B-4E9D-BAE9-EA14A0DC84E7}.Debug|Any CPU.ActiveCfg = Debug|Any CPU
		{086326E4-142B-4E9D-BAE9-EA14A0DC84E7}.Debug|Any CPU.Build.0 = Debug|Any CPU
		{086326E4-142B-4E9D-BAE9-EA14A0DC84E7}.Release|Any CPU.ActiveCfg = Release|Any CPU
		{086326E4-142B-4E9D-BAE9-EA14A0DC84E7}.Release|Any CPU.Build.0 = Release|Any CPU
	EndGlobalSection
EndGlobal
